
Microsoft Visual Studio Solution File, Format Version 12.00
# Visual Studio 15
VisualStudioVersion = 15.0.28307.779
MinimumVisualStudioVersion = 10.0.40219.1
Project("{FAE04EC0-301F-11D3-BF4B-00C04F79EFBC}") = "ChoETL", "ChoETL.csproj", "{0A5062F4-B00A-4998-858D-A3C5D99E2074}"
EndProject
Project("{FAE04EC0-301F-11D3-BF4B-00C04F79EFBC}") = "ChoCSVReaderTest", "..\Test\ChoCSVReaderTest\ChoCSVReaderTest.csproj", "{D732199D-680F-4571-96ED-8E00E34580AA}"
EndProject
Project("{FAE04EC0-301F-11D3-BF4B-00C04F79EFBC}") = "ChoCSVWriterTest", "..\Test\ChoCSVWriterTest\ChoCSVWriterTest.csproj", "{DFA30C9A-4CAD-4163-8E8D-B088869AFC01}"
EndProject
Project("{2150E333-8FDC-42A3-9474-1A3956D46DE8}") = "Test", "Test", "{C17EFEDF-16CF-4615-86AC-0580547B6AEB}"
EndProject
Project("{FAE04EC0-301F-11D3-BF4B-00C04F79EFBC}") = "ChoFixedLengthReaderTest", "..\Test\ChoFixedLengthReaderTest\ChoFixedLengthReaderTest.csproj", "{142A837A-319D-4013-B9F3-5E42B6C93C86}"
EndProject
Project("{FAE04EC0-301F-11D3-BF4B-00C04F79EFBC}") = "ChoFixedLengthWriterTest", "..\Test\ChoFixedLengthWriterTest\ChoFixedLengthWriterTest.csproj", "{E86FF0EF-E238-4196-9C05-1A2562CF9BC8}"
EndProject
Project("{FAE04EC0-301F-11D3-BF4B-00C04F79EFBC}") = "ChoCSVSqlDbImportSample", "..\Test\ChoCSVSqlDbImportSample\ChoCSVSqlDbImportSample.csproj", "{D9CAB4AA-7A98-4E54-AAC0-88E977AB534C}"
EndProject
Project("{FAE04EC0-301F-11D3-BF4B-00C04F79EFBC}") = "ChoManifoldReaderTest", "..\Test\ChoManifoldReaderTest\ChoManifoldReaderTest.csproj", "{A6BF95FC-340E-45E2-B198-6006B30F21D1}"
EndProject
Project("{FAE04EC0-301F-11D3-BF4B-00C04F79EFBC}") = "ChoManifoldWriterTest", "..\Test\ChoManifoldWriterTest\ChoManifoldWriterTest.csproj", "{AD56E92F-E83B-4813-BEFE-7BB8AFCC51DE}"
EndProject
Project("{FAE04EC0-301F-11D3-BF4B-00C04F79EFBC}") = "ChoXmlReaderTest", "..\Test\ChoXmlReaderTest\ChoXmlReaderTest.csproj", "{4213D2FA-323B-4287-BF6C-5906193163C8}"
EndProject
Project("{FAE04EC0-301F-11D3-BF4B-00C04F79EFBC}") = "ChoXmlToCSVSample", "..\Test\ChoXmlToCSVSample\ChoXmlToCSVSample.csproj", "{7CE4A3BE-991E-4A04-A725-7353B495EFC9}"
EndProject
Project("{2150E333-8FDC-42A3-9474-1A3956D46DE8}") = "Solution Items", "Solution Items", "{7DEAF723-0EE1-4A44-9F9C-D8D2B778D773}"
EndProject
Project("{FAE04EC0-301F-11D3-BF4B-00C04F79EFBC}") = "ChoXmlWriterTest", "..\Test\ChoXmlWriterTest\ChoXmlWriterTest.csproj", "{16E4E045-76D3-492B-AD03-C163C96AC3FB}"
EndProject
Project("{FAE04EC0-301F-11D3-BF4B-00C04F79EFBC}") = "ChoKVPReaderTest", "..\Test\ChoKVPReaderTest\ChoKVPReaderTest.csproj", "{3E678D7C-6F68-4F82-8ADB-012D579A46AE}"
EndProject
Project("{FAE04EC0-301F-11D3-BF4B-00C04F79EFBC}") = "ChoETL.SQLite", "..\ChoETL.Sqlite\ChoETL.SQLite.csproj", "{3AE70956-BB21-4503-9268-A72C2E8DCC8F}"
EndProject
Project("{2150E333-8FDC-42A3-9474-1A3956D46DE8}") = "Libs", "Libs", "{B55FFF85-D024-49E8-9D3C-43AC1750B61F}"
	ProjectSection(SolutionItems) = preProject
		..\Libs\EntityFramework.dll = ..\Libs\EntityFramework.dll
		..\Libs\EntityFramework.SqlServer.dll = ..\Libs\EntityFramework.SqlServer.dll
		..\Libs\System.Data.SQLite.dll = ..\Libs\System.Data.SQLite.dll
		..\Libs\System.Data.SQLite.EF6.dll = ..\Libs\System.Data.SQLite.EF6.dll
		..\Libs\System.Data.SQLite.Linq.dll = ..\Libs\System.Data.SQLite.Linq.dll
	EndProjectSection
EndProject
Project("{2150E333-8FDC-42A3-9474-1A3956D46DE8}") = "x86", "x86", "{7CAADAFD-ECC5-43C9-97AE-56F83743002C}"
	ProjectSection(SolutionItems) = preProject
		..\Libs\x86\SQLite.Interop.dll = ..\Libs\x86\SQLite.Interop.dll
	EndProjectSection
EndProject
Project("{2150E333-8FDC-42A3-9474-1A3956D46DE8}") = "x64", "x64", "{68175B41-6BD1-47AE-8812-F9169708954F}"
	ProjectSection(SolutionItems) = preProject
		..\Libs\x64\SQLite.Interop.dll = ..\Libs\x64\SQLite.Interop.dll
	EndProjectSection
EndProject
Project("{FAE04EC0-301F-11D3-BF4B-00C04F79EFBC}") = "ChoETL.JSON", "..\ChoETL.JSON\ChoETL.JSON.csproj", "{FF39C858-DA79-4A4B-B0E5-BDF8D8874A15}"
EndProject
Project("{FAE04EC0-301F-11D3-BF4B-00C04F79EFBC}") = "ChoJSONReaderTest", "..\Test\ChoJSONReaderTest\ChoJSONReaderTest.csproj", "{F9560FC0-5DAD-4F59-8BA1-46E3D7B183CF}"
EndProject
Project("{FAE04EC0-301F-11D3-BF4B-00C04F79EFBC}") = "ChoXmlToCSVConverterTest", "..\Test\ChoXmlToCSVConverterTest\ChoXmlToCSVConverterTest.csproj", "{1561A99A-2793-4730-9D7C-6E8DFD0DDCF7}"
EndProject
Project("{FAE04EC0-301F-11D3-BF4B-00C04F79EFBC}") = "ChoJSONWriterTest", "..\Test\ChoJSONWriterTest\ChoJSONWriterTest.csproj", "{7EDD6D4C-1739-4A46-AE8F-76B12B0E0DF6}"
EndProject
Project("{FAE04EC0-301F-11D3-BF4B-00C04F79EFBC}") = "ChoCSVFileDiff", "..\Test\ChoCSVFileDiff\ChoCSVFileDiff.csproj", "{FBA69039-25D7-4602-BE03-3930687E3465}"
EndProject
Project("{FAE04EC0-301F-11D3-BF4B-00C04F79EFBC}") = "ChoCSVReaderUnitTest", "..\Test\ChoCSVReaderUnitTest\ChoCSVReaderUnitTest.csproj", "{AD108C7D-C0B4-41BA-B972-55E8642031E6}"
EndProject
Project("{9A19103F-16F7-4668-BE54-9A1E7A4F7556}") = "ChoETL.NETStandard", "..\ChoETL.NETStandard\ChoETL.NETStandard.csproj", "{F6B1C77D-901E-43BA-A7B5-757847459BBA}"
EndProject
Project("{9A19103F-16F7-4668-BE54-9A1E7A4F7556}") = "ChoETL.JSON.NETStandard", "..\ChoETL.JSON.NETStandard\ChoETL.JSON.NETStandard.csproj", "{D3CC7A2C-BCBA-460E-A774-353570D25716}"
EndProject
Project("{FAE04EC0-301F-11D3-BF4B-00C04F79EFBC}") = "ChoETL.SqlServer", "..\ChoETL.SqlServer\ChoETL.SqlServer.csproj", "{4E00E9B1-F938-465D-8B11-9F41DEA75F45}"
EndProject
Project("{FAE04EC0-301F-11D3-BF4B-00C04F79EFBC}") = "UnitTestHelper", "..\UnitTestHelper\UnitTestHelper.csproj", "{CAB2DD15-85E2-494B-943C-47E8ADADE340}"
EndProject
Project("{9A19103F-16F7-4668-BE54-9A1E7A4F7556}") = "ChoCSVReaderUnitTest.Core", "..\Test\ChoCSVReaderUnitTest.Core\ChoCSVReaderUnitTest.Core.csproj", "{145F4F00-2E68-4B77-B342-AAD6B4382305}"
EndProject
Project("{9A19103F-16F7-4668-BE54-9A1E7A4F7556}") = "ChoETL.Parquet", "..\ChoETL.Parquet\ChoETL.Parquet.csproj", "{69713F4B-9948-4207-9EC9-44BA956C7052}"
EndProject
Project("{9A19103F-16F7-4668-BE54-9A1E7A4F7556}") = "ChoParquetReaderTest", "..\Test\ChoParquetReaderTest\ChoParquetReaderTest.csproj", "{D27B93EE-A4D4-4828-B3A1-4989479589F0}"
EndProject
Project("{9A19103F-16F7-4668-BE54-9A1E7A4F7556}") = "ChoParquetWriterTest", "..\Test\ChoParquetWriterTest\ChoParquetWriterTest.csproj", "{69B4D371-2A3F-4765-81FD-85D46E04957F}"
EndProject
Project("{9A19103F-16F7-4668-BE54-9A1E7A4F7556}") = "ChoETL.Yaml", "..\ChoETL.Yaml\ChoETL.Yaml.csproj", "{D1F1F3B5-EDD3-4792-8779-6882BFA4E3C8}"
EndProject
Project("{9A19103F-16F7-4668-BE54-9A1E7A4F7556}") = "ChoYamlReaderTest", "..\Test\ChoYamlReaderTest\ChoYamlReaderTest.csproj", "{2FCE1104-5E34-4681-BF9A-3BF385A6C9AB}"
EndProject
Project("{9A19103F-16F7-4668-BE54-9A1E7A4F7556}") = "ChoYamlWriterTest", "..\Test\ChoYamlWriterTest\ChoYamlWriterTest.csproj", "{A2CE2DD3-6E0D-45D3-A808-D76A345A60C0}"
EndProject
Project("{9A19103F-16F7-4668-BE54-9A1E7A4F7556}") = "ChoETL.Avro", "..\ChoETL.Avro\ChoETL.Avro.csproj", "{63079F87-EDD1-421E-9470-AEB21A9EB20C}"
EndProject
Project("{9A19103F-16F7-4668-BE54-9A1E7A4F7556}") = "ChoAvroReaderTest", "..\Test\ChoAvroReaderTest\ChoAvroReaderTest.csproj", "{0EE24502-D868-42AF-9C36-105BBF3294EB}"
EndProject
Global
	GlobalSection(SolutionConfigurationPlatforms) = preSolution
		Debug|Any CPU = Debug|Any CPU
		Release|Any CPU = Release|Any CPU
	EndGlobalSection
	GlobalSection(ProjectConfigurationPlatforms) = postSolution
		{0A5062F4-B00A-4998-858D-A3C5D99E2074}.Debug|Any CPU.ActiveCfg = Debug|Any CPU
		{0A5062F4-B00A-4998-858D-A3C5D99E2074}.Debug|Any CPU.Build.0 = Debug|Any CPU
		{0A5062F4-B00A-4998-858D-A3C5D99E2074}.Release|Any CPU.ActiveCfg = Release|Any CPU
		{0A5062F4-B00A-4998-858D-A3C5D99E2074}.Release|Any CPU.Build.0 = Release|Any CPU
		{D732199D-680F-4571-96ED-8E00E34580AA}.Debug|Any CPU.ActiveCfg = Debug|Any CPU
		{D732199D-680F-4571-96ED-8E00E34580AA}.Debug|Any CPU.Build.0 = Debug|Any CPU
		{D732199D-680F-4571-96ED-8E00E34580AA}.Release|Any CPU.ActiveCfg = Release|Any CPU
		{D732199D-680F-4571-96ED-8E00E34580AA}.Release|Any CPU.Build.0 = Release|Any CPU
		{DFA30C9A-4CAD-4163-8E8D-B088869AFC01}.Debug|Any CPU.ActiveCfg = Debug|Any CPU
		{DFA30C9A-4CAD-4163-8E8D-B088869AFC01}.Debug|Any CPU.Build.0 = Debug|Any CPU
		{DFA30C9A-4CAD-4163-8E8D-B088869AFC01}.Release|Any CPU.ActiveCfg = Release|Any CPU
		{DFA30C9A-4CAD-4163-8E8D-B088869AFC01}.Release|Any CPU.Build.0 = Release|Any CPU
		{142A837A-319D-4013-B9F3-5E42B6C93C86}.Debug|Any CPU.ActiveCfg = Debug|Any CPU
		{142A837A-319D-4013-B9F3-5E42B6C93C86}.Debug|Any CPU.Build.0 = Debug|Any CPU
		{142A837A-319D-4013-B9F3-5E42B6C93C86}.Release|Any CPU.ActiveCfg = Release|Any CPU
		{142A837A-319D-4013-B9F3-5E42B6C93C86}.Release|Any CPU.Build.0 = Release|Any CPU
		{E86FF0EF-E238-4196-9C05-1A2562CF9BC8}.Debug|Any CPU.ActiveCfg = Debug|Any CPU
		{E86FF0EF-E238-4196-9C05-1A2562CF9BC8}.Debug|Any CPU.Build.0 = Debug|Any CPU
		{E86FF0EF-E238-4196-9C05-1A2562CF9BC8}.Release|Any CPU.ActiveCfg = Release|Any CPU
		{E86FF0EF-E238-4196-9C05-1A2562CF9BC8}.Release|Any CPU.Build.0 = Release|Any CPU
		{D9CAB4AA-7A98-4E54-AAC0-88E977AB534C}.Debug|Any CPU.ActiveCfg = Debug|Any CPU
		{D9CAB4AA-7A98-4E54-AAC0-88E977AB534C}.Debug|Any CPU.Build.0 = Debug|Any CPU
		{D9CAB4AA-7A98-4E54-AAC0-88E977AB534C}.Release|Any CPU.ActiveCfg = Release|Any CPU
		{D9CAB4AA-7A98-4E54-AAC0-88E977AB534C}.Release|Any CPU.Build.0 = Release|Any CPU
		{A6BF95FC-340E-45E2-B198-6006B30F21D1}.Debug|Any CPU.ActiveCfg = Debug|Any CPU
		{A6BF95FC-340E-45E2-B198-6006B30F21D1}.Debug|Any CPU.Build.0 = Debug|Any CPU
		{A6BF95FC-340E-45E2-B198-6006B30F21D1}.Release|Any CPU.ActiveCfg = Release|Any CPU
		{A6BF95FC-340E-45E2-B198-6006B30F21D1}.Release|Any CPU.Build.0 = Release|Any CPU
		{AD56E92F-E83B-4813-BEFE-7BB8AFCC51DE}.Debug|Any CPU.ActiveCfg = Debug|Any CPU
		{AD56E92F-E83B-4813-BEFE-7BB8AFCC51DE}.Debug|Any CPU.Build.0 = Debug|Any CPU
		{AD56E92F-E83B-4813-BEFE-7BB8AFCC51DE}.Release|Any CPU.ActiveCfg = Release|Any CPU
		{AD56E92F-E83B-4813-BEFE-7BB8AFCC51DE}.Release|Any CPU.Build.0 = Release|Any CPU
		{4213D2FA-323B-4287-BF6C-5906193163C8}.Debug|Any CPU.ActiveCfg = Debug|Any CPU
		{4213D2FA-323B-4287-BF6C-5906193163C8}.Debug|Any CPU.Build.0 = Debug|Any CPU
		{4213D2FA-323B-4287-BF6C-5906193163C8}.Release|Any CPU.ActiveCfg = Release|Any CPU
		{4213D2FA-323B-4287-BF6C-5906193163C8}.Release|Any CPU.Build.0 = Release|Any CPU
		{7CE4A3BE-991E-4A04-A725-7353B495EFC9}.Debug|Any CPU.ActiveCfg = Debug|Any CPU
		{7CE4A3BE-991E-4A04-A725-7353B495EFC9}.Debug|Any CPU.Build.0 = Debug|Any CPU
		{7CE4A3BE-991E-4A04-A725-7353B495EFC9}.Release|Any CPU.ActiveCfg = Release|Any CPU
		{7CE4A3BE-991E-4A04-A725-7353B495EFC9}.Release|Any CPU.Build.0 = Release|Any CPU
		{16E4E045-76D3-492B-AD03-C163C96AC3FB}.Debug|Any CPU.ActiveCfg = Debug|Any CPU
		{16E4E045-76D3-492B-AD03-C163C96AC3FB}.Debug|Any CPU.Build.0 = Debug|Any CPU
		{16E4E045-76D3-492B-AD03-C163C96AC3FB}.Release|Any CPU.ActiveCfg = Release|Any CPU
		{16E4E045-76D3-492B-AD03-C163C96AC3FB}.Release|Any CPU.Build.0 = Release|Any CPU
		{3E678D7C-6F68-4F82-8ADB-012D579A46AE}.Debug|Any CPU.ActiveCfg = Debug|Any CPU
		{3E678D7C-6F68-4F82-8ADB-012D579A46AE}.Debug|Any CPU.Build.0 = Debug|Any CPU
		{3E678D7C-6F68-4F82-8ADB-012D579A46AE}.Release|Any CPU.ActiveCfg = Release|Any CPU
		{3E678D7C-6F68-4F82-8ADB-012D579A46AE}.Release|Any CPU.Build.0 = Release|Any CPU
		{3AE70956-BB21-4503-9268-A72C2E8DCC8F}.Debug|Any CPU.ActiveCfg = Debug|Any CPU
		{3AE70956-BB21-4503-9268-A72C2E8DCC8F}.Debug|Any CPU.Build.0 = Debug|Any CPU
		{3AE70956-BB21-4503-9268-A72C2E8DCC8F}.Release|Any CPU.ActiveCfg = Release|Any CPU
		{3AE70956-BB21-4503-9268-A72C2E8DCC8F}.Release|Any CPU.Build.0 = Release|Any CPU
		{FF39C858-DA79-4A4B-B0E5-BDF8D8874A15}.Debug|Any CPU.ActiveCfg = Debug|Any CPU
		{FF39C858-DA79-4A4B-B0E5-BDF8D8874A15}.Debug|Any CPU.Build.0 = Debug|Any CPU
		{FF39C858-DA79-4A4B-B0E5-BDF8D8874A15}.Release|Any CPU.ActiveCfg = Release|Any CPU
		{FF39C858-DA79-4A4B-B0E5-BDF8D8874A15}.Release|Any CPU.Build.0 = Release|Any CPU
		{F9560FC0-5DAD-4F59-8BA1-46E3D7B183CF}.Debug|Any CPU.ActiveCfg = Debug|Any CPU
		{F9560FC0-5DAD-4F59-8BA1-46E3D7B183CF}.Debug|Any CPU.Build.0 = Debug|Any CPU
		{F9560FC0-5DAD-4F59-8BA1-46E3D7B183CF}.Release|Any CPU.ActiveCfg = Release|Any CPU
		{F9560FC0-5DAD-4F59-8BA1-46E3D7B183CF}.Release|Any CPU.Build.0 = Release|Any CPU
		{1561A99A-2793-4730-9D7C-6E8DFD0DDCF7}.Debug|Any CPU.ActiveCfg = Debug|Any CPU
		{1561A99A-2793-4730-9D7C-6E8DFD0DDCF7}.Debug|Any CPU.Build.0 = Debug|Any CPU
		{1561A99A-2793-4730-9D7C-6E8DFD0DDCF7}.Release|Any CPU.ActiveCfg = Release|Any CPU
		{1561A99A-2793-4730-9D7C-6E8DFD0DDCF7}.Release|Any CPU.Build.0 = Release|Any CPU
		{7EDD6D4C-1739-4A46-AE8F-76B12B0E0DF6}.Debug|Any CPU.ActiveCfg = Debug|Any CPU
		{7EDD6D4C-1739-4A46-AE8F-76B12B0E0DF6}.Debug|Any CPU.Build.0 = Debug|Any CPU
		{7EDD6D4C-1739-4A46-AE8F-76B12B0E0DF6}.Release|Any CPU.ActiveCfg = Release|Any CPU
		{7EDD6D4C-1739-4A46-AE8F-76B12B0E0DF6}.Release|Any CPU.Build.0 = Release|Any CPU
		{FBA69039-25D7-4602-BE03-3930687E3465}.Debug|Any CPU.ActiveCfg = Debug|Any CPU
		{FBA69039-25D7-4602-BE03-3930687E3465}.Debug|Any CPU.Build.0 = Debug|Any CPU
		{FBA69039-25D7-4602-BE03-3930687E3465}.Release|Any CPU.ActiveCfg = Release|Any CPU
		{FBA69039-25D7-4602-BE03-3930687E3465}.Release|Any CPU.Build.0 = Release|Any CPU
		{AD108C7D-C0B4-41BA-B972-55E8642031E6}.Debug|Any CPU.ActiveCfg = Debug|Any CPU
		{AD108C7D-C0B4-41BA-B972-55E8642031E6}.Debug|Any CPU.Build.0 = Debug|Any CPU
		{AD108C7D-C0B4-41BA-B972-55E8642031E6}.Release|Any CPU.ActiveCfg = Release|Any CPU
		{AD108C7D-C0B4-41BA-B972-55E8642031E6}.Release|Any CPU.Build.0 = Release|Any CPU
		{F6B1C77D-901E-43BA-A7B5-757847459BBA}.Debug|Any CPU.ActiveCfg = Debug|Any CPU
		{F6B1C77D-901E-43BA-A7B5-757847459BBA}.Debug|Any CPU.Build.0 = Debug|Any CPU
		{F6B1C77D-901E-43BA-A7B5-757847459BBA}.Release|Any CPU.ActiveCfg = Release|Any CPU
		{F6B1C77D-901E-43BA-A7B5-757847459BBA}.Release|Any CPU.Build.0 = Release|Any CPU
		{D3CC7A2C-BCBA-460E-A774-353570D25716}.Debug|Any CPU.ActiveCfg = Debug|Any CPU
		{D3CC7A2C-BCBA-460E-A774-353570D25716}.Debug|Any CPU.Build.0 = Debug|Any CPU
		{D3CC7A2C-BCBA-460E-A774-353570D25716}.Release|Any CPU.ActiveCfg = Release|Any CPU
		{D3CC7A2C-BCBA-460E-A774-353570D25716}.Release|Any CPU.Build.0 = Release|Any CPU
		{4E00E9B1-F938-465D-8B11-9F41DEA75F45}.Debug|Any CPU.ActiveCfg = Debug|Any CPU
		{4E00E9B1-F938-465D-8B11-9F41DEA75F45}.Debug|Any CPU.Build.0 = Debug|Any CPU
		{4E00E9B1-F938-465D-8B11-9F41DEA75F45}.Release|Any CPU.ActiveCfg = Release|Any CPU
		{4E00E9B1-F938-465D-8B11-9F41DEA75F45}.Release|Any CPU.Build.0 = Release|Any CPU
		{CAB2DD15-85E2-494B-943C-47E8ADADE340}.Debug|Any CPU.ActiveCfg = Debug|Any CPU
		{CAB2DD15-85E2-494B-943C-47E8ADADE340}.Debug|Any CPU.Build.0 = Debug|Any CPU
		{CAB2DD15-85E2-494B-943C-47E8ADADE340}.Release|Any CPU.ActiveCfg = Release|Any CPU
		{CAB2DD15-85E2-494B-943C-47E8ADADE340}.Release|Any CPU.Build.0 = Release|Any CPU
		{145F4F00-2E68-4B77-B342-AAD6B4382305}.Debug|Any CPU.ActiveCfg = Debug|Any CPU
		{145F4F00-2E68-4B77-B342-AAD6B4382305}.Debug|Any CPU.Build.0 = Debug|Any CPU
		{145F4F00-2E68-4B77-B342-AAD6B4382305}.Release|Any CPU.ActiveCfg = Release|Any CPU
		{145F4F00-2E68-4B77-B342-AAD6B4382305}.Release|Any CPU.Build.0 = Release|Any CPU
		{69713F4B-9948-4207-9EC9-44BA956C7052}.Debug|Any CPU.ActiveCfg = Debug|Any CPU
		{69713F4B-9948-4207-9EC9-44BA956C7052}.Debug|Any CPU.Build.0 = Debug|Any CPU
		{69713F4B-9948-4207-9EC9-44BA956C7052}.Release|Any CPU.ActiveCfg = Release|Any CPU
		{69713F4B-9948-4207-9EC9-44BA956C7052}.Release|Any CPU.Build.0 = Release|Any CPU
		{D27B93EE-A4D4-4828-B3A1-4989479589F0}.Debug|Any CPU.ActiveCfg = Debug|Any CPU
		{D27B93EE-A4D4-4828-B3A1-4989479589F0}.Debug|Any CPU.Build.0 = Debug|Any CPU
		{D27B93EE-A4D4-4828-B3A1-4989479589F0}.Release|Any CPU.ActiveCfg = Release|Any CPU
		{D27B93EE-A4D4-4828-B3A1-4989479589F0}.Release|Any CPU.Build.0 = Release|Any CPU
		{69B4D371-2A3F-4765-81FD-85D46E04957F}.Debug|Any CPU.ActiveCfg = Debug|Any CPU
		{69B4D371-2A3F-4765-81FD-85D46E04957F}.Debug|Any CPU.Build.0 = Debug|Any CPU
		{69B4D371-2A3F-4765-81FD-85D46E04957F}.Release|Any CPU.ActiveCfg = Release|Any CPU
		{69B4D371-2A3F-4765-81FD-85D46E04957F}.Release|Any CPU.Build.0 = Release|Any CPU
		{D1F1F3B5-EDD3-4792-8779-6882BFA4E3C8}.Debug|Any CPU.ActiveCfg = Debug|Any CPU
		{D1F1F3B5-EDD3-4792-8779-6882BFA4E3C8}.Debug|Any CPU.Build.0 = Debug|Any CPU
		{D1F1F3B5-EDD3-4792-8779-6882BFA4E3C8}.Release|Any CPU.ActiveCfg = Release|Any CPU
		{D1F1F3B5-EDD3-4792-8779-6882BFA4E3C8}.Release|Any CPU.Build.0 = Release|Any CPU
		{2FCE1104-5E34-4681-BF9A-3BF385A6C9AB}.Debug|Any CPU.ActiveCfg = Debug|Any CPU
		{2FCE1104-5E34-4681-BF9A-3BF385A6C9AB}.Debug|Any CPU.Build.0 = Debug|Any CPU
		{2FCE1104-5E34-4681-BF9A-3BF385A6C9AB}.Release|Any CPU.ActiveCfg = Release|Any CPU
		{2FCE1104-5E34-4681-BF9A-3BF385A6C9AB}.Release|Any CPU.Build.0 = Release|Any CPU
		{A2CE2DD3-6E0D-45D3-A808-D76A345A60C0}.Debug|Any CPU.ActiveCfg = Debug|Any CPU
		{A2CE2DD3-6E0D-45D3-A808-D76A345A60C0}.Debug|Any CPU.Build.0 = Debug|Any CPU
		{A2CE2DD3-6E0D-45D3-A808-D76A345A60C0}.Release|Any CPU.ActiveCfg = Release|Any CPU
		{A2CE2DD3-6E0D-45D3-A808-D76A345A60C0}.Release|Any CPU.Build.0 = Release|Any CPU
		{63079F87-EDD1-421E-9470-AEB21A9EB20C}.Debug|Any CPU.ActiveCfg = Debug|Any CPU
		{63079F87-EDD1-421E-9470-AEB21A9EB20C}.Debug|Any CPU.Build.0 = Debug|Any CPU
		{63079F87-EDD1-421E-9470-AEB21A9EB20C}.Release|Any CPU.ActiveCfg = Release|Any CPU
		{63079F87-EDD1-421E-9470-AEB21A9EB20C}.Release|Any CPU.Build.0 = Release|Any CPU
		{0EE24502-D868-42AF-9C36-105BBF3294EB}.Debug|Any CPU.ActiveCfg = Debug|Any CPU
		{0EE24502-D868-42AF-9C36-105BBF3294EB}.Debug|Any CPU.Build.0 = Debug|Any CPU
		{0EE24502-D868-42AF-9C36-105BBF3294EB}.Release|Any CPU.ActiveCfg = Release|Any CPU
		{0EE24502-D868-42AF-9C36-105BBF3294EB}.Release|Any CPU.Build.0 = Release|Any CPU
	EndGlobalSection
	GlobalSection(SolutionProperties) = preSolution
		HideSolutionNode = FALSE
	EndGlobalSection
	GlobalSection(NestedProjects) = preSolution
		{D732199D-680F-4571-96ED-8E00E34580AA} = {C17EFEDF-16CF-4615-86AC-0580547B6AEB}
		{DFA30C9A-4CAD-4163-8E8D-B088869AFC01} = {C17EFEDF-16CF-4615-86AC-0580547B6AEB}
		{142A837A-319D-4013-B9F3-5E42B6C93C86} = {C17EFEDF-16CF-4615-86AC-0580547B6AEB}
		{E86FF0EF-E238-4196-9C05-1A2562CF9BC8} = {C17EFEDF-16CF-4615-86AC-0580547B6AEB}
		{D9CAB4AA-7A98-4E54-AAC0-88E977AB534C} = {C17EFEDF-16CF-4615-86AC-0580547B6AEB}
		{A6BF95FC-340E-45E2-B198-6006B30F21D1} = {C17EFEDF-16CF-4615-86AC-0580547B6AEB}
		{AD56E92F-E83B-4813-BEFE-7BB8AFCC51DE} = {C17EFEDF-16CF-4615-86AC-0580547B6AEB}
		{4213D2FA-323B-4287-BF6C-5906193163C8} = {C17EFEDF-16CF-4615-86AC-0580547B6AEB}
		{7CE4A3BE-991E-4A04-A725-7353B495EFC9} = {C17EFEDF-16CF-4615-86AC-0580547B6AEB}
		{16E4E045-76D3-492B-AD03-C163C96AC3FB} = {C17EFEDF-16CF-4615-86AC-0580547B6AEB}
		{3E678D7C-6F68-4F82-8ADB-012D579A46AE} = {C17EFEDF-16CF-4615-86AC-0580547B6AEB}
		{7CAADAFD-ECC5-43C9-97AE-56F83743002C} = {B55FFF85-D024-49E8-9D3C-43AC1750B61F}
		{68175B41-6BD1-47AE-8812-F9169708954F} = {B55FFF85-D024-49E8-9D3C-43AC1750B61F}
		{F9560FC0-5DAD-4F59-8BA1-46E3D7B183CF} = {C17EFEDF-16CF-4615-86AC-0580547B6AEB}
		{1561A99A-2793-4730-9D7C-6E8DFD0DDCF7} = {C17EFEDF-16CF-4615-86AC-0580547B6AEB}
		{7EDD6D4C-1739-4A46-AE8F-76B12B0E0DF6} = {C17EFEDF-16CF-4615-86AC-0580547B6AEB}
		{FBA69039-25D7-4602-BE03-3930687E3465} = {C17EFEDF-16CF-4615-86AC-0580547B6AEB}
		{AD108C7D-C0B4-41BA-B972-55E8642031E6} = {C17EFEDF-16CF-4615-86AC-0580547B6AEB}
		{CAB2DD15-85E2-494B-943C-47E8ADADE340} = {C17EFEDF-16CF-4615-86AC-0580547B6AEB}
		{145F4F00-2E68-4B77-B342-AAD6B4382305} = {C17EFEDF-16CF-4615-86AC-0580547B6AEB}
		{D27B93EE-A4D4-4828-B3A1-4989479589F0} = {C17EFEDF-16CF-4615-86AC-0580547B6AEB}
		{69B4D371-2A3F-4765-81FD-85D46E04957F} = {C17EFEDF-16CF-4615-86AC-0580547B6AEB}
		{2FCE1104-5E34-4681-BF9A-3BF385A6C9AB} = {C17EFEDF-16CF-4615-86AC-0580547B6AEB}
		{A2CE2DD3-6E0D-45D3-A808-D76A345A60C0} = {C17EFEDF-16CF-4615-86AC-0580547B6AEB}
		{0EE24502-D868-42AF-9C36-105BBF3294EB} = {C17EFEDF-16CF-4615-86AC-0580547B6AEB}
	EndGlobalSection
	GlobalSection(ExtensibilityGlobals) = postSolution
		SolutionGuid = {D35E7445-B861-41CC-B854-44981E4F9FFB}
	EndGlobalSection
EndGlobal
