
Microsoft Visual Studio Solution File, Format Version 12.00
# Visual Studio 14
VisualStudioVersion = 14.0.25420.1
MinimumVisualStudioVersion = 10.0.40219.1
Project("{FAE04EC0-301F-11D3-BF4B-00C04F79EFBC}") = "ChoETL", "ChoETL.csproj", "{0A5062F4-B00A-4998-858D-A3C5D99E2074}"
EndProject
Project("{FAE04EC0-301F-11D3-BF4B-00C04F79EFBC}") = "ChoCSVReaderTest", "..\Test\ChoCSVReaderTest\ChoCSVReaderTest.csproj", "{D732199D-680F-4571-96ED-8E00E34580AA}"
EndProject
Project("{FAE04EC0-301F-11D3-BF4B-00C04F79EFBC}") = "ChoCSVWriterTest", "..\Test\ChoCSVWriterTest\ChoCSVWriterTest.csproj", "{DFA30C9A-4CAD-4163-8E8D-B088869AFC01}"
EndProject
Project("{2150E333-8FDC-42A3-9474-1A3956D46DE8}") = "Test", "Test", "{C17EFEDF-16CF-4615-86AC-0580547B6AEB}"
EndProject
Project("{FAE04EC0-301F-11D3-BF4B-00C04F79EFBC}") = "ChoFixedLengthReaderTest", "..\Test\ChoFixedLengthReaderTest\ChoFixedLengthReaderTest.csproj", "{142A837A-319D-4013-B9F3-5E42B6C93C86}"
EndProject
Project("{FAE04EC0-301F-11D3-BF4B-00C04F79EFBC}") = "ChoFixedLengthWriterTest", "..\Test\ChoFixedLengthWriterTest\ChoFixedLengthWriterTest.csproj", "{E86FF0EF-E238-4196-9C05-1A2562CF9BC8}"
EndProject
Project("{FAE04EC0-301F-11D3-BF4B-00C04F79EFBC}") = "ChoCSVSqlDbImportSample", "..\Test\ChoCSVSqlDbImportSample\ChoCSVSqlDbImportSample.csproj", "{D9CAB4AA-7A98-4E54-AAC0-88E977AB534C}"
EndProject
Project("{FAE04EC0-301F-11D3-BF4B-00C04F79EFBC}") = "ChoManifoldReaderTest", "..\Test\ChoManifoldReaderTest\ChoManifoldReaderTest.csproj", "{A6BF95FC-340E-45E2-B198-6006B30F21D1}"
EndProject
Project("{FAE04EC0-301F-11D3-BF4B-00C04F79EFBC}") = "ChoManifoldWriterTest", "..\Test\ChoManifoldWriterTest\ChoManifoldWriterTest.csproj", "{AD56E92F-E83B-4813-BEFE-7BB8AFCC51DE}"
EndProject
Project("{FAE04EC0-301F-11D3-BF4B-00C04F79EFBC}") = "ChoXmlReaderTest", "..\Test\ChoXmlReaderTest\ChoXmlReaderTest.csproj", "{4213D2FA-323B-4287-BF6C-5906193163C8}"
EndProject
Project("{FAE04EC0-301F-11D3-BF4B-00C04F79EFBC}") = "ChoXmlToCSVSample", "..\Test\ChoXmlToCSVSample\ChoXmlToCSVSample.csproj", "{7CE4A3BE-991E-4A04-A725-7353B495EFC9}"
EndProject
Project("{FAE04EC0-301F-11D3-BF4B-00C04F79EFBC}") = "ChoWEIRDRSSFeedReaderTest", "Test\ChoWEIRDRSSFeedReaderTest\ChoWEIRDRSSFeedReaderTest.csproj", "{32F3D0A7-A436-457F-B4CF-DF568997C110}"
EndProject
Project("{2150E333-8FDC-42A3-9474-1A3956D46DE8}") = "Solution Items", "Solution Items", "{7DEAF723-0EE1-4A44-9F9C-D8D2B778D773}"
EndProject
Project("{FAE04EC0-301F-11D3-BF4B-00C04F79EFBC}") = "ChoXmlWriterTest", "..\Test\ChoXmlWriterTest\ChoXmlWriterTest.csproj", "{16E4E045-76D3-492B-AD03-C163C96AC3FB}"
EndProject
Global
	GlobalSection(SolutionConfigurationPlatforms) = preSolution
		Debug|Any CPU = Debug|Any CPU
		Release|Any CPU = Release|Any CPU
	EndGlobalSection
	GlobalSection(ProjectConfigurationPlatforms) = postSolution
		{0A5062F4-B00A-4998-858D-A3C5D99E2074}.Debug|Any CPU.ActiveCfg = Debug|Any CPU
		{0A5062F4-B00A-4998-858D-A3C5D99E2074}.Debug|Any CPU.Build.0 = Debug|Any CPU
		{0A5062F4-B00A-4998-858D-A3C5D99E2074}.Release|Any CPU.ActiveCfg = Release|Any CPU
		{0A5062F4-B00A-4998-858D-A3C5D99E2074}.Release|Any CPU.Build.0 = Release|Any CPU
		{D732199D-680F-4571-96ED-8E00E34580AA}.Debug|Any CPU.ActiveCfg = Debug|Any CPU
		{D732199D-680F-4571-96ED-8E00E34580AA}.Debug|Any CPU.Build.0 = Debug|Any CPU
		{D732199D-680F-4571-96ED-8E00E34580AA}.Release|Any CPU.ActiveCfg = Release|Any CPU
		{D732199D-680F-4571-96ED-8E00E34580AA}.Release|Any CPU.Build.0 = Release|Any CPU
		{DFA30C9A-4CAD-4163-8E8D-B088869AFC01}.Debug|Any CPU.ActiveCfg = Debug|Any CPU
		{DFA30C9A-4CAD-4163-8E8D-B088869AFC01}.Debug|Any CPU.Build.0 = Debug|Any CPU
		{DFA30C9A-4CAD-4163-8E8D-B088869AFC01}.Release|Any CPU.ActiveCfg = Release|Any CPU
		{DFA30C9A-4CAD-4163-8E8D-B088869AFC01}.Release|Any CPU.Build.0 = Release|Any CPU
		{142A837A-319D-4013-B9F3-5E42B6C93C86}.Debug|Any CPU.ActiveCfg = Debug|Any CPU
		{142A837A-319D-4013-B9F3-5E42B6C93C86}.Debug|Any CPU.Build.0 = Debug|Any CPU
		{142A837A-319D-4013-B9F3-5E42B6C93C86}.Release|Any CPU.ActiveCfg = Release|Any CPU
		{142A837A-319D-4013-B9F3-5E42B6C93C86}.Release|Any CPU.Build.0 = Release|Any CPU
		{E86FF0EF-E238-4196-9C05-1A2562CF9BC8}.Debug|Any CPU.ActiveCfg = Debug|Any CPU
		{E86FF0EF-E238-4196-9C05-1A2562CF9BC8}.Debug|Any CPU.Build.0 = Debug|Any CPU
		{E86FF0EF-E238-4196-9C05-1A2562CF9BC8}.Release|Any CPU.ActiveCfg = Release|Any CPU
		{E86FF0EF-E238-4196-9C05-1A2562CF9BC8}.Release|Any CPU.Build.0 = Release|Any CPU
		{D9CAB4AA-7A98-4E54-AAC0-88E977AB534C}.Debug|Any CPU.ActiveCfg = Debug|Any CPU
		{D9CAB4AA-7A98-4E54-AAC0-88E977AB534C}.Debug|Any CPU.Build.0 = Debug|Any CPU
		{D9CAB4AA-7A98-4E54-AAC0-88E977AB534C}.Release|Any CPU.ActiveCfg = Release|Any CPU
		{D9CAB4AA-7A98-4E54-AAC0-88E977AB534C}.Release|Any CPU.Build.0 = Release|Any CPU
		{A6BF95FC-340E-45E2-B198-6006B30F21D1}.Debug|Any CPU.ActiveCfg = Debug|Any CPU
		{A6BF95FC-340E-45E2-B198-6006B30F21D1}.Debug|Any CPU.Build.0 = Debug|Any CPU
		{A6BF95FC-340E-45E2-B198-6006B30F21D1}.Release|Any CPU.ActiveCfg = Release|Any CPU
		{A6BF95FC-340E-45E2-B198-6006B30F21D1}.Release|Any CPU.Build.0 = Release|Any CPU
		{AD56E92F-E83B-4813-BEFE-7BB8AFCC51DE}.Debug|Any CPU.ActiveCfg = Debug|Any CPU
		{AD56E92F-E83B-4813-BEFE-7BB8AFCC51DE}.Debug|Any CPU.Build.0 = Debug|Any CPU
		{AD56E92F-E83B-4813-BEFE-7BB8AFCC51DE}.Release|Any CPU.ActiveCfg = Release|Any CPU
		{AD56E92F-E83B-4813-BEFE-7BB8AFCC51DE}.Release|Any CPU.Build.0 = Release|Any CPU
		{4213D2FA-323B-4287-BF6C-5906193163C8}.Debug|Any CPU.ActiveCfg = Debug|Any CPU
		{4213D2FA-323B-4287-BF6C-5906193163C8}.Debug|Any CPU.Build.0 = Debug|Any CPU
		{4213D2FA-323B-4287-BF6C-5906193163C8}.Release|Any CPU.ActiveCfg = Release|Any CPU
		{4213D2FA-323B-4287-BF6C-5906193163C8}.Release|Any CPU.Build.0 = Release|Any CPU
		{7CE4A3BE-991E-4A04-A725-7353B495EFC9}.Debug|Any CPU.ActiveCfg = Debug|Any CPU
		{7CE4A3BE-991E-4A04-A725-7353B495EFC9}.Debug|Any CPU.Build.0 = Debug|Any CPU
		{7CE4A3BE-991E-4A04-A725-7353B495EFC9}.Release|Any CPU.ActiveCfg = Release|Any CPU
		{7CE4A3BE-991E-4A04-A725-7353B495EFC9}.Release|Any CPU.Build.0 = Release|Any CPU
		{32F3D0A7-A436-457F-B4CF-DF568997C110}.Debug|Any CPU.ActiveCfg = Debug|Any CPU
		{32F3D0A7-A436-457F-B4CF-DF568997C110}.Debug|Any CPU.Build.0 = Debug|Any CPU
		{32F3D0A7-A436-457F-B4CF-DF568997C110}.Release|Any CPU.ActiveCfg = Release|Any CPU
		{32F3D0A7-A436-457F-B4CF-DF568997C110}.Release|Any CPU.Build.0 = Release|Any CPU
		{16E4E045-76D3-492B-AD03-C163C96AC3FB}.Debug|Any CPU.ActiveCfg = Debug|Any CPU
		{16E4E045-76D3-492B-AD03-C163C96AC3FB}.Debug|Any CPU.Build.0 = Debug|Any CPU
		{16E4E045-76D3-492B-AD03-C163C96AC3FB}.Release|Any CPU.ActiveCfg = Release|Any CPU
		{16E4E045-76D3-492B-AD03-C163C96AC3FB}.Release|Any CPU.Build.0 = Release|Any CPU
	EndGlobalSection
	GlobalSection(SolutionProperties) = preSolution
		HideSolutionNode = FALSE
	EndGlobalSection
	GlobalSection(NestedProjects) = preSolution
		{D732199D-680F-4571-96ED-8E00E34580AA} = {C17EFEDF-16CF-4615-86AC-0580547B6AEB}
		{DFA30C9A-4CAD-4163-8E8D-B088869AFC01} = {C17EFEDF-16CF-4615-86AC-0580547B6AEB}
		{142A837A-319D-4013-B9F3-5E42B6C93C86} = {C17EFEDF-16CF-4615-86AC-0580547B6AEB}
		{E86FF0EF-E238-4196-9C05-1A2562CF9BC8} = {C17EFEDF-16CF-4615-86AC-0580547B6AEB}
		{D9CAB4AA-7A98-4E54-AAC0-88E977AB534C} = {C17EFEDF-16CF-4615-86AC-0580547B6AEB}
		{A6BF95FC-340E-45E2-B198-6006B30F21D1} = {C17EFEDF-16CF-4615-86AC-0580547B6AEB}
		{AD56E92F-E83B-4813-BEFE-7BB8AFCC51DE} = {C17EFEDF-16CF-4615-86AC-0580547B6AEB}
		{4213D2FA-323B-4287-BF6C-5906193163C8} = {C17EFEDF-16CF-4615-86AC-0580547B6AEB}
		{7CE4A3BE-991E-4A04-A725-7353B495EFC9} = {C17EFEDF-16CF-4615-86AC-0580547B6AEB}
		{32F3D0A7-A436-457F-B4CF-DF568997C110} = {C17EFEDF-16CF-4615-86AC-0580547B6AEB}
		{16E4E045-76D3-492B-AD03-C163C96AC3FB} = {C17EFEDF-16CF-4615-86AC-0580547B6AEB}
	EndGlobalSection
EndGlobal
